
Microsoft Visual Studio Solution File, Format Version 12.00
# Visual Studio 15
Project("{FAE04EC0-301F-11D3-BF4B-00C04F79EFBC}") = "Assembly-CSharp", "Assembly-CSharp.csproj", "{862AF597-5815-E08D-486B-118881051C28}"
EndProject
Project("{FAE04EC0-301F-11D3-BF4B-00C04F79EFBC}") = "Assembly-CSharp-firstpass", "Assembly-CSharp-firstpass.csproj", "{7C7B3D96-1750-7C6D-B2C5-728EF925DAA6}"
EndProject
Project("{FAE04EC0-301F-11D3-BF4B-00C04F79EFBC}") = "Assembly-CSharp-Editor-firstpass", "Assembly-CSharp-Editor-firstpass.csproj", "{5E7D8244-232E-1363-A487-02B3B6444EB6}"
EndProject
Project("{FAE04EC0-301F-11D3-BF4B-00C04F79EFBC}") = "Assembly-CSharp-Editor", "Assembly-CSharp-Editor.csproj", "{2F0EE2B9-7AFD-D21E-8886-92F7080AD13F}"
EndProject
Global
	GlobalSection(SolutionConfigurationPlatforms) = preSolution
		Debug|Any CPU = Debug|Any CPU
		Release|Any CPU = Release|Any CPU
	EndGlobalSection
	GlobalSection(ProjectConfigurationPlatforms) = postSolution
		{862AF597-5815-E08D-486B-118881051C28}.Debug|Any CPU.ActiveCfg = Debug|Any CPU
		{862AF597-5815-E08D-486B-118881051C28}.Debug|Any CPU.Build.0 = Debug|Any CPU
		{862AF597-5815-E08D-486B-118881051C28}.Release|Any CPU.ActiveCfg = Release|Any CPU
		{862AF597-5815-E08D-486B-118881051C28}.Release|Any CPU.Build.0 = Release|Any CPU
		{7C7B3D96-1750-7C6D-B2C5-728EF925DAA6}.Debug|Any CPU.ActiveCfg = Debug|Any CPU
		{7C7B3D96-1750-7C6D-B2C5-728EF925DAA6}.Debug|Any CPU.Build.0 = Debug|Any CPU
		{7C7B3D96-1750-7C6D-B2C5-728EF925DAA6}.Release|Any CPU.ActiveCfg = Release|Any CPU
		{7C7B3D96-1750-7C6D-B2C5-728EF925DAA6}.Release|Any CPU.Build.0 = Release|Any CPU
		{5E7D8244-232E-1363-A487-02B3B6444EB6}.Debug|Any CPU.ActiveCfg = Debug|Any CPU
		{5E7D8244-232E-1363-A487-02B3B6444EB6}.Debug|Any CPU.Build.0 = Debug|Any CPU
		{5E7D8244-232E-1363-A487-02B3B6444EB6}.Release|Any CPU.ActiveCfg = Release|Any CPU
		{5E7D8244-232E-1363-A487-02B3B6444EB6}.Release|Any CPU.Build.0 = Release|Any CPU
		{2F0EE2B9-7AFD-D21E-8886-92F7080AD13F}.Debug|Any CPU.ActiveCfg = Debug|Any CPU
		{2F0EE2B9-7AFD-D21E-8886-92F7080AD13F}.Debug|Any CPU.Build.0 = Debug|Any CPU
		{2F0EE2B9-7AFD-D21E-8886-92F7080AD13F}.Release|Any CPU.ActiveCfg = Release|Any CPU
		{2F0EE2B9-7AFD-D21E-8886-92F7080AD13F}.Release|Any CPU.Build.0 = Release|Any CPU
	EndGlobalSection
	GlobalSection(SolutionProperties) = preSolution
		HideSolutionNode = FALSE
	EndGlobalSection
EndGlobal
